
Microsoft Visual Studio Solution File, Format Version 12.00
# Visual Studio 15
VisualStudioVersion = 15.0.27703.2035
MinimumVisualStudioVersion = 10.0.40219.1
Project("{FAE04EC0-301F-11D3-BF4B-00C04F79EFBC}") = "RaceConditionDemo", "RaceConditionDemo\RaceConditionDemo.csproj", "{6FFE2B69-87DE-4785-9F05-5E0FE810A51E}"
EndProject
Project("{FAE04EC0-301F-11D3-BF4B-00C04F79EFBC}") = "TaskParallelLibraryDemos", "TaskParallelLibraryDemos\TaskParallelLibraryDemos.csproj", "{551AB3A3-DC06-410D-8D79-4403C6FE7AFF}"
EndProject
Global
	GlobalSection(SolutionConfigurationPlatforms) = preSolution
		Debug|Any CPU = Debug|Any CPU
		Release|Any CPU = Release|Any CPU
	EndGlobalSection
	GlobalSection(ProjectConfigurationPlatforms) = postSolution
		{6FFE2B69-87DE-4785-9F05-5E0FE810A51E}.Debug|Any CPU.ActiveCfg = Debug|Any CPU
		{6FFE2B69-87DE-4785-9F05-5E0FE810A51E}.Debug|Any CPU.Build.0 = Debug|Any CPU
		{6FFE2B69-87DE-4785-9F05-5E0FE810A51E}.Release|Any CPU.ActiveCfg = Release|Any CPU
		{6FFE2B69-87DE-4785-9F05-5E0FE810A51E}.Release|Any CPU.Build.0 = Release|Any CPU
		{551AB3A3-DC06-410D-8D79-4403C6FE7AFF}.Debug|Any CPU.ActiveCfg = Debug|Any CPU
		{551AB3A3-DC06-410D-8D79-4403C6FE7AFF}.Debug|Any CPU.Build.0 = Debug|Any CPU
		{551AB3A3-DC06-410D-8D79-4403C6FE7AFF}.Release|Any CPU.ActiveCfg = Release|Any CPU
		{551AB3A3-DC06-410D-8D79-4403C6FE7AFF}.Release|Any CPU.Build.0 = Release|Any CPU
	EndGlobalSection
	GlobalSection(SolutionProperties) = preSolution
		HideSolutionNode = FALSE
	EndGlobalSection
	GlobalSection(ExtensibilityGlobals) = postSolution
		SolutionGuid = {1124966E-D2A8-4890-89AA-5FE85461AA4C}
	EndGlobalSection
EndGlobal
